// !$*UTF8*$!
{
	archiveVersion = 1;
	classes = {
	};
	objectVersion = 56;
	objects = {

/* Begin PBXBuildFile section */
		0E7F87C229B051FA0005AE38 /* Course.swift in Sources */ = {isa = PBXBuildFile; fileRef = 0E7F87C129B051FA0005AE38 /* Course.swift */; };
		0E7F87C729B0531A0005AE38 /* StorageManager.swift in Sources */ = {isa = PBXBuildFile; fileRef = 0E7F87C529B0531A0005AE38 /* StorageManager.swift */; };
		0E7F87C829B0531A0005AE38 /* ServiceLocator.swift in Sources */ = {isa = PBXBuildFile; fileRef = 0E7F87C629B0531A0005AE38 /* ServiceLocator.swift */; };
		0E7F87CE29B055AE0005AE38 /* CourseCollectionViewCell.swift in Sources */ = {isa = PBXBuildFile; fileRef = 0E7F87CC29B055AE0005AE38 /* CourseCollectionViewCell.swift */; };
		0E7F87CF29B055AE0005AE38 /* CourseCollectionViewCell.xib in Resources */ = {isa = PBXBuildFile; fileRef = 0E7F87CD29B055AE0005AE38 /* CourseCollectionViewCell.xib */; };
		0E7F87D129B057710005AE38 /* MainNavigator.swift in Sources */ = {isa = PBXBuildFile; fileRef = 0E7F87D029B057710005AE38 /* MainNavigator.swift */; };
		0EBC1E5929B09CC2004CF9D9 /* UserInfoTableViewCell.xib in Resources */ = {isa = PBXBuildFile; fileRef = 0EBC1E5729B09CC2004CF9D9 /* UserInfoTableViewCell.xib */; };
		0EBC1E5A29B09CC2004CF9D9 /* UserInfoTableViewCell.swift in Sources */ = {isa = PBXBuildFile; fileRef = 0EBC1E5829B09CC2004CF9D9 /* UserInfoTableViewCell.swift */; };
		0EBC1E6229B09FA9004CF9D9 /* UIView+dropShadow.swift in Sources */ = {isa = PBXBuildFile; fileRef = 0EBC1E6129B09FA9004CF9D9 /* UIView+dropShadow.swift */; };
		0EBC1E6429B09FE6004CF9D9 /* CoursesViewController+UITableViewDelegate.swift in Sources */ = {isa = PBXBuildFile; fileRef = 0EBC1E6329B09FE6004CF9D9 /* CoursesViewController+UITableViewDelegate.swift */; };
		0EBC1E6629B0A065004CF9D9 /* CoursesViewController+UICollectionViewDelegate.swift in Sources */ = {isa = PBXBuildFile; fileRef = 0EBC1E6529B0A065004CF9D9 /* CoursesViewController+UICollectionViewDelegate.swift */; };
		0EBC1E6829B0A11C004CF9D9 /* Date+get.swift in Sources */ = {isa = PBXBuildFile; fileRef = 0EBC1E6729B0A11C004CF9D9 /* Date+get.swift */; };
		0EBC1E6A29B0A2C9004CF9D9 /* CourseType.swift in Sources */ = {isa = PBXBuildFile; fileRef = 0EBC1E6929B0A2C9004CF9D9 /* CourseType.swift */; };
		0EBC1E6C29B0A2EE004CF9D9 /* CourseInfo.swift in Sources */ = {isa = PBXBuildFile; fileRef = 0EBC1E6B29B0A2EE004CF9D9 /* CourseInfo.swift */; };
		0EBC1E6E29B0A336004CF9D9 /* MySpreadSheetCell.swift in Sources */ = {isa = PBXBuildFile; fileRef = 0EBC1E6D29B0A335004CF9D9 /* MySpreadSheetCell.swift */; };
		0EBC1E7629B0B2BF004CF9D9 /* CoursesViewController.swift in Sources */ = {isa = PBXBuildFile; fileRef = 0EBC1E7529B0B2BF004CF9D9 /* CoursesViewController.swift */; };
		0EFFC6DE29AF56D900D4731B /* AppDelegate.swift in Sources */ = {isa = PBXBuildFile; fileRef = 0EFFC6DD29AF56D900D4731B /* AppDelegate.swift */; };
		0EFFC6E029AF56D900D4731B /* SceneDelegate.swift in Sources */ = {isa = PBXBuildFile; fileRef = 0EFFC6DF29AF56D900D4731B /* SceneDelegate.swift */; };
		0EFFC6E229AF56D900D4731B /* CourseEditViewController.swift in Sources */ = {isa = PBXBuildFile; fileRef = 0EFFC6E129AF56D900D4731B /* CourseEditViewController.swift */; };
		0EFFC6E529AF56D900D4731B /* Main.storyboard in Resources */ = {isa = PBXBuildFile; fileRef = 0EFFC6E329AF56D900D4731B /* Main.storyboard */; };
		0EFFC6E729AF56DB00D4731B /* Assets.xcassets in Resources */ = {isa = PBXBuildFile; fileRef = 0EFFC6E629AF56DB00D4731B /* Assets.xcassets */; };
		0EFFC6EA29AF56DB00D4731B /* LaunchScreen.storyboard in Resources */ = {isa = PBXBuildFile; fileRef = 0EFFC6E829AF56DB00D4731B /* LaunchScreen.storyboard */; };
		0EFFC6FB29AF579100D4731B /* NSObject+ClassName.swift in Sources */ = {isa = PBXBuildFile; fileRef = 0EFFC6FA29AF579100D4731B /* NSObject+ClassName.swift */; };
		C0528FB00AFFFE7BD9B5025D /* Pods_GolfHandicap.framework in Frameworks */ = {isa = PBXBuildFile; fileRef = A118F88F11D3B0A396DF31FD /* Pods_GolfHandicap.framework */; };
/* End PBXBuildFile section */

/* Begin PBXFileReference section */
		0E7F87C129B051FA0005AE38 /* Course.swift */ = {isa = PBXFileReference; lastKnownFileType = sourcecode.swift; path = Course.swift; sourceTree = "<group>"; };
		0E7F87C529B0531A0005AE38 /* StorageManager.swift */ = {isa = PBXFileReference; fileEncoding = 4; lastKnownFileType = sourcecode.swift; path = StorageManager.swift; sourceTree = "<group>"; };
		0E7F87C629B0531A0005AE38 /* ServiceLocator.swift */ = {isa = PBXFileReference; fileEncoding = 4; lastKnownFileType = sourcecode.swift; path = ServiceLocator.swift; sourceTree = "<group>"; };
		0E7F87C929B054400005AE38 /* CoursesViewController.swift */ = {isa = PBXFileReference; lastKnownFileType = sourcecode.swift; name = CoursesViewController.swift; path = "/Users/1okmon/Desktop/Xcode projects/GolfTestTask/GolfHandicapTestTask/GolfHandicap/GolfHandicap/CoursesViewController.swift"; sourceTree = "<absolute>"; };
		0E7F87CC29B055AE0005AE38 /* CourseCollectionViewCell.swift */ = {isa = PBXFileReference; fileEncoding = 4; lastKnownFileType = sourcecode.swift; path = CourseCollectionViewCell.swift; sourceTree = "<group>"; };
		0E7F87CD29B055AE0005AE38 /* CourseCollectionViewCell.xib */ = {isa = PBXFileReference; fileEncoding = 4; lastKnownFileType = file.xib; path = CourseCollectionViewCell.xib; sourceTree = "<group>"; };
		0E7F87D029B057710005AE38 /* MainNavigator.swift */ = {isa = PBXFileReference; lastKnownFileType = sourcecode.swift; path = MainNavigator.swift; sourceTree = "<group>"; };
		0EBC1E5729B09CC2004CF9D9 /* UserInfoTableViewCell.xib */ = {isa = PBXFileReference; fileEncoding = 4; lastKnownFileType = file.xib; path = UserInfoTableViewCell.xib; sourceTree = "<group>"; };
		0EBC1E5829B09CC2004CF9D9 /* UserInfoTableViewCell.swift */ = {isa = PBXFileReference; fileEncoding = 4; lastKnownFileType = sourcecode.swift; path = UserInfoTableViewCell.swift; sourceTree = "<group>"; };
		0EBC1E6129B09FA9004CF9D9 /* UIView+dropShadow.swift */ = {isa = PBXFileReference; lastKnownFileType = sourcecode.swift; path = "UIView+dropShadow.swift"; sourceTree = "<group>"; };
		0EBC1E6329B09FE6004CF9D9 /* CoursesViewController+UITableViewDelegate.swift */ = {isa = PBXFileReference; lastKnownFileType = sourcecode.swift; path = "CoursesViewController+UITableViewDelegate.swift"; sourceTree = "<group>"; };
		0EBC1E6529B0A065004CF9D9 /* CoursesViewController+UICollectionViewDelegate.swift */ = {isa = PBXFileReference; lastKnownFileType = sourcecode.swift; path = "CoursesViewController+UICollectionViewDelegate.swift"; sourceTree = "<group>"; };
		0EBC1E6729B0A11C004CF9D9 /* Date+get.swift */ = {isa = PBXFileReference; lastKnownFileType = sourcecode.swift; path = "Date+get.swift"; sourceTree = "<group>"; };
		0EBC1E6929B0A2C9004CF9D9 /* CourseType.swift */ = {isa = PBXFileReference; lastKnownFileType = sourcecode.swift; path = CourseType.swift; sourceTree = "<group>"; };
		0EBC1E6B29B0A2EE004CF9D9 /* CourseInfo.swift */ = {isa = PBXFileReference; lastKnownFileType = sourcecode.swift; path = CourseInfo.swift; sourceTree = "<group>"; };
		0EBC1E6D29B0A335004CF9D9 /* MySpreadSheetCell.swift */ = {isa = PBXFileReference; lastKnownFileType = sourcecode.swift; path = MySpreadSheetCell.swift; sourceTree = "<group>"; };
		0EBC1E7529B0B2BF004CF9D9 /* CoursesViewController.swift */ = {isa = PBXFileReference; lastKnownFileType = sourcecode.swift; path = CoursesViewController.swift; sourceTree = "<group>"; };
		0EFFC6DA29AF56D900D4731B /* GolfHandicap.app */ = {isa = PBXFileReference; explicitFileType = wrapper.application; includeInIndex = 0; path = GolfHandicap.app; sourceTree = BUILT_PRODUCTS_DIR; };
		0EFFC6DD29AF56D900D4731B /* AppDelegate.swift */ = {isa = PBXFileReference; lastKnownFileType = sourcecode.swift; path = AppDelegate.swift; sourceTree = "<group>"; };
		0EFFC6DF29AF56D900D4731B /* SceneDelegate.swift */ = {isa = PBXFileReference; lastKnownFileType = sourcecode.swift; path = SceneDelegate.swift; sourceTree = "<group>"; };
		0EFFC6E129AF56D900D4731B /* CourseEditViewController.swift */ = {isa = PBXFileReference; lastKnownFileType = sourcecode.swift; path = CourseEditViewController.swift; sourceTree = "<group>"; };
		0EFFC6E429AF56D900D4731B /* Base */ = {isa = PBXFileReference; lastKnownFileType = file.storyboard; name = Base; path = Base.lproj/Main.storyboard; sourceTree = "<group>"; };
		0EFFC6E629AF56DB00D4731B /* Assets.xcassets */ = {isa = PBXFileReference; lastKnownFileType = folder.assetcatalog; path = Assets.xcassets; sourceTree = "<group>"; };
		0EFFC6E929AF56DB00D4731B /* Base */ = {isa = PBXFileReference; lastKnownFileType = file.storyboard; name = Base; path = Base.lproj/LaunchScreen.storyboard; sourceTree = "<group>"; };
		0EFFC6EB29AF56DB00D4731B /* Info.plist */ = {isa = PBXFileReference; lastKnownFileType = text.plist.xml; path = Info.plist; sourceTree = "<group>"; };
		0EFFC6FA29AF579100D4731B /* NSObject+ClassName.swift */ = {isa = PBXFileReference; fileEncoding = 4; lastKnownFileType = sourcecode.swift; path = "NSObject+ClassName.swift"; sourceTree = "<group>"; };
		1E4AD94267AF23CC5ABF6D8A /* Pods-GolfHandicap.release.xcconfig */ = {isa = PBXFileReference; includeInIndex = 1; lastKnownFileType = text.xcconfig; name = "Pods-GolfHandicap.release.xcconfig"; path = "Target Support Files/Pods-GolfHandicap/Pods-GolfHandicap.release.xcconfig"; sourceTree = "<group>"; };
		47B0BFFCECC64B6D7641F76D /* Pods-GolfHandicap.debug.xcconfig */ = {isa = PBXFileReference; includeInIndex = 1; lastKnownFileType = text.xcconfig; name = "Pods-GolfHandicap.debug.xcconfig"; path = "Target Support Files/Pods-GolfHandicap/Pods-GolfHandicap.debug.xcconfig"; sourceTree = "<group>"; };
		A118F88F11D3B0A396DF31FD /* Pods_GolfHandicap.framework */ = {isa = PBXFileReference; explicitFileType = wrapper.framework; includeInIndex = 0; path = Pods_GolfHandicap.framework; sourceTree = BUILT_PRODUCTS_DIR; };
/* End PBXFileReference section */

/* Begin PBXFrameworksBuildPhase section */
		0EFFC6D729AF56D900D4731B /* Frameworks */ = {
			isa = PBXFrameworksBuildPhase;
			buildActionMask = 2147483647;
			files = (
				C0528FB00AFFFE7BD9B5025D /* Pods_GolfHandicap.framework in Frameworks */,
			);
			runOnlyForDeploymentPostprocessing = 0;
		};
/* End PBXFrameworksBuildPhase section */

/* Begin PBXGroup section */
		0E4B936829B058DE00690D0F /* Recovered References */ = {
			isa = PBXGroup;
			children = (
				0E7F87C929B054400005AE38 /* CoursesViewController.swift */,
			);
			name = "Recovered References";
			sourceTree = "<group>";
		};
		0E4B936929B0876E00690D0F /* InfoTableView */ = {
			isa = PBXGroup;
			children = (
			);
			path = InfoTableView;
			sourceTree = "<group>";
		};
		0E7F87C329B0531A0005AE38 /* Services */ = {
			isa = PBXGroup;
			children = (
				0E7F87C429B0531A0005AE38 /* StorageManager */,
				0E7F87C629B0531A0005AE38 /* ServiceLocator.swift */,
			);
			path = Services;
			sourceTree = "<group>";
		};
		0E7F87C429B0531A0005AE38 /* StorageManager */ = {
			isa = PBXGroup;
			children = (
				0E7F87C529B0531A0005AE38 /* StorageManager.swift */,
			);
			path = StorageManager;
			sourceTree = "<group>";
		};
		0E7F87CB29B055AE0005AE38 /* CourseCollectionViewCell */ = {
			isa = PBXGroup;
			children = (
				0E7F87CC29B055AE0005AE38 /* CourseCollectionViewCell.swift */,
				0E7F87CD29B055AE0005AE38 /* CourseCollectionViewCell.xib */,
			);
			path = CourseCollectionViewCell;
			sourceTree = "<group>";
		};
		0EBC1E5629B09CC2004CF9D9 /* UserInfoTableViewCell */ = {
			isa = PBXGroup;
			children = (
				0EBC1E5729B09CC2004CF9D9 /* UserInfoTableViewCell.xib */,
				0EBC1E5829B09CC2004CF9D9 /* UserInfoTableViewCell.swift */,
			);
			path = UserInfoTableViewCell;
			sourceTree = "<group>";
		};
		0EBC1E5C29B09EE9004CF9D9 /* Additions */ = {
			isa = PBXGroup;
			children = (
				0EBC1E5F29B09F06004CF9D9 /* Structures */,
				0EBC1E5E29B09EFC004CF9D9 /* Enums */,
				0EBC1E5D29B09EF2004CF9D9 /* Classes */,
			);
			path = Additions;
			sourceTree = "<group>";
		};
		0EBC1E5D29B09EF2004CF9D9 /* Classes */ = {
			isa = PBXGroup;
			children = (
				0EBC1E6B29B0A2EE004CF9D9 /* CourseInfo.swift */,
				0EBC1E6D29B0A335004CF9D9 /* MySpreadSheetCell.swift */,
			);
			path = Classes;
			sourceTree = "<group>";
		};
		0EBC1E5E29B09EFC004CF9D9 /* Enums */ = {
			isa = PBXGroup;
			children = (
				0EBC1E6929B0A2C9004CF9D9 /* CourseType.swift */,
			);
			path = Enums;
			sourceTree = "<group>";
		};
		0EBC1E5F29B09F06004CF9D9 /* Structures */ = {
			isa = PBXGroup;
			children = (
				0E7F87D029B057710005AE38 /* MainNavigator.swift */,
				0E7F87C129B051FA0005AE38 /* Course.swift */,
			);
			path = Structures;
			sourceTree = "<group>";
		};
		0EBC1E6029B09F19004CF9D9 /* Extensions */ = {
			isa = PBXGroup;
			children = (
				0EBC1E6129B09FA9004CF9D9 /* UIView+dropShadow.swift */,
				0EBC1E6329B09FE6004CF9D9 /* CoursesViewController+UITableViewDelegate.swift */,
				0EBC1E6529B0A065004CF9D9 /* CoursesViewController+UICollectionViewDelegate.swift */,
				0EBC1E6729B0A11C004CF9D9 /* Date+get.swift */,
			);
			path = Extensions;
			sourceTree = "<group>";
		};
		0EFFC6D129AF56D900D4731B = {
			isa = PBXGroup;
			children = (
				0EFFC6DC29AF56D900D4731B /* GolfHandicap */,
				0EFFC6DB29AF56D900D4731B /* Products */,
				1943CD8920554B542825782E /* Pods */,
				46177D06E49863F68A993D37 /* Frameworks */,
				0E4B936829B058DE00690D0F /* Recovered References */,
			);
			sourceTree = "<group>";
		};
		0EFFC6DB29AF56D900D4731B /* Products */ = {
			isa = PBXGroup;
			children = (
				0EFFC6DA29AF56D900D4731B /* GolfHandicap.app */,
			);
			name = Products;
			sourceTree = "<group>";
		};
		0EFFC6DC29AF56D900D4731B /* GolfHandicap */ = {
			isa = PBXGroup;
			children = (
				0EBC1E6029B09F19004CF9D9 /* Extensions */,
				0EBC1E5C29B09EE9004CF9D9 /* Additions */,
				0EBC1E5629B09CC2004CF9D9 /* UserInfoTableViewCell */,
				0E4B936929B0876E00690D0F /* InfoTableView */,
				0E7F87CB29B055AE0005AE38 /* CourseCollectionViewCell */,
				0E7F87C329B0531A0005AE38 /* Services */,
				0EFFC6DD29AF56D900D4731B /* AppDelegate.swift */,
				0EFFC6DF29AF56D900D4731B /* SceneDelegate.swift */,
				0EFFC6E129AF56D900D4731B /* CourseEditViewController.swift */,
				0EFFC6F929AF579100D4731B /* NSObject */,
				0EFFC6E329AF56D900D4731B /* Main.storyboard */,
				0EFFC6E629AF56DB00D4731B /* Assets.xcassets */,
				0EFFC6E829AF56DB00D4731B /* LaunchScreen.storyboard */,
				0EFFC6EB29AF56DB00D4731B /* Info.plist */,
				0EBC1E7529B0B2BF004CF9D9 /* CoursesViewController.swift */,
			);
			path = GolfHandicap;
			sourceTree = "<group>";
		};
		0EFFC6F929AF579100D4731B /* NSObject */ = {
			isa = PBXGroup;
			children = (
				0EFFC6FA29AF579100D4731B /* NSObject+ClassName.swift */,
			);
			path = NSObject;
			sourceTree = "<group>";
		};
		1943CD8920554B542825782E /* Pods */ = {
			isa = PBXGroup;
			children = (
				47B0BFFCECC64B6D7641F76D /* Pods-GolfHandicap.debug.xcconfig */,
				1E4AD94267AF23CC5ABF6D8A /* Pods-GolfHandicap.release.xcconfig */,
			);
			path = Pods;
			sourceTree = "<group>";
		};
		46177D06E49863F68A993D37 /* Frameworks */ = {
			isa = PBXGroup;
			children = (
				A118F88F11D3B0A396DF31FD /* Pods_GolfHandicap.framework */,
			);
			name = Frameworks;
			sourceTree = "<group>";
		};
/* End PBXGroup section */

/* Begin PBXNativeTarget section */
		0EFFC6D929AF56D900D4731B /* GolfHandicap */ = {
			isa = PBXNativeTarget;
			buildConfigurationList = 0EFFC6EE29AF56DB00D4731B /* Build configuration list for PBXNativeTarget "GolfHandicap" */;
			buildPhases = (
				57F2BCB363DECBB2492B911C /* [CP] Check Pods Manifest.lock */,
				0EFFC6D629AF56D900D4731B /* Sources */,
				0EFFC6D729AF56D900D4731B /* Frameworks */,
				0EFFC6D829AF56D900D4731B /* Resources */,
				4E9DDD0146FA0E89A6DD0243 /* [CP] Embed Pods Frameworks */,
			);
			buildRules = (
			);
			dependencies = (
			);
			name = GolfHandicap;
			productName = GolfHandicap;
			productReference = 0EFFC6DA29AF56D900D4731B /* GolfHandicap.app */;
			productType = "com.apple.product-type.application";
		};
/* End PBXNativeTarget section */

/* Begin PBXProject section */
		0EFFC6D229AF56D900D4731B /* Project object */ = {
			isa = PBXProject;
			attributes = {
				BuildIndependentTargetsInParallel = 1;
				LastSwiftUpdateCheck = 1420;
				LastUpgradeCheck = 1420;
				TargetAttributes = {
					0EFFC6D929AF56D900D4731B = {
						CreatedOnToolsVersion = 14.2;
					};
				};
			};
			buildConfigurationList = 0EFFC6D529AF56D900D4731B /* Build configuration list for PBXProject "GolfHandicap" */;
			compatibilityVersion = "Xcode 14.0";
			developmentRegion = en;
			hasScannedForEncodings = 0;
			knownRegions = (
				en,
				Base,
			);
			mainGroup = 0EFFC6D129AF56D900D4731B;
			packageReferences = (
			);
			productRefGroup = 0EFFC6DB29AF56D900D4731B /* Products */;
			projectDirPath = "";
			projectRoot = "";
			targets = (
				0EFFC6D929AF56D900D4731B /* GolfHandicap */,
			);
		};
/* End PBXProject section */

/* Begin PBXResourcesBuildPhase section */
		0EFFC6D829AF56D900D4731B /* Resources */ = {
			isa = PBXResourcesBuildPhase;
			buildActionMask = 2147483647;
			files = (
				0EBC1E5929B09CC2004CF9D9 /* UserInfoTableViewCell.xib in Resources */,
				0E7F87CF29B055AE0005AE38 /* CourseCollectionViewCell.xib in Resources */,
				0EFFC6EA29AF56DB00D4731B /* LaunchScreen.storyboard in Resources */,
				0EFFC6E729AF56DB00D4731B /* Assets.xcassets in Resources */,
				0EFFC6E529AF56D900D4731B /* Main.storyboard in Resources */,
			);
			runOnlyForDeploymentPostprocessing = 0;
		};
/* End PBXResourcesBuildPhase section */

/* Begin PBXShellScriptBuildPhase section */
		4E9DDD0146FA0E89A6DD0243 /* [CP] Embed Pods Frameworks */ = {
			isa = PBXShellScriptBuildPhase;
			buildActionMask = 2147483647;
			files = (
			);
			inputFileListPaths = (
				"${PODS_ROOT}/Target Support Files/Pods-GolfHandicap/Pods-GolfHandicap-frameworks-${CONFIGURATION}-input-files.xcfilelist",
			);
			name = "[CP] Embed Pods Frameworks";
			outputFileListPaths = (
				"${PODS_ROOT}/Target Support Files/Pods-GolfHandicap/Pods-GolfHandicap-frameworks-${CONFIGURATION}-output-files.xcfilelist",
			);
			runOnlyForDeploymentPostprocessing = 0;
			shellPath = /bin/sh;
			shellScript = "\"${PODS_ROOT}/Target Support Files/Pods-GolfHandicap/Pods-GolfHandicap-frameworks.sh\"\n";
			showEnvVarsInLog = 0;
		};
		57F2BCB363DECBB2492B911C /* [CP] Check Pods Manifest.lock */ = {
			isa = PBXShellScriptBuildPhase;
			buildActionMask = 2147483647;
			files = (
			);
			inputFileListPaths = (
			);
			inputPaths = (
				"${PODS_PODFILE_DIR_PATH}/Podfile.lock",
				"${PODS_ROOT}/Manifest.lock",
			);
			name = "[CP] Check Pods Manifest.lock";
			outputFileListPaths = (
			);
			outputPaths = (
				"$(DERIVED_FILE_DIR)/Pods-GolfHandicap-checkManifestLockResult.txt",
			);
			runOnlyForDeploymentPostprocessing = 0;
			shellPath = /bin/sh;
			shellScript = "diff \"${PODS_PODFILE_DIR_PATH}/Podfile.lock\" \"${PODS_ROOT}/Manifest.lock\" > /dev/null\nif [ $? != 0 ] ; then\n    # print error to STDERR\n    echo \"error: The sandbox is not in sync with the Podfile.lock. Run 'pod install' or update your CocoaPods installation.\" >&2\n    exit 1\nfi\n# This output is used by Xcode 'outputs' to avoid re-running this script phase.\necho \"SUCCESS\" > \"${SCRIPT_OUTPUT_FILE_0}\"\n";
			showEnvVarsInLog = 0;
		};
/* End PBXShellScriptBuildPhase section */

/* Begin PBXSourcesBuildPhase section */
		0EFFC6D629AF56D900D4731B /* Sources */ = {
			isa = PBXSourcesBuildPhase;
			buildActionMask = 2147483647;
			files = (
				0EBC1E5A29B09CC2004CF9D9 /* UserInfoTableViewCell.swift in Sources */,
				0E7F87C229B051FA0005AE38 /* Course.swift in Sources */,
				0EBC1E6829B0A11C004CF9D9 /* Date+get.swift in Sources */,
				0EFFC6FB29AF579100D4731B /* NSObject+ClassName.swift in Sources */,
				0E7F87D129B057710005AE38 /* MainNavigator.swift in Sources */,
				0EBC1E6429B09FE6004CF9D9 /* CoursesViewController+UITableViewDelegate.swift in Sources */,
				0EBC1E6E29B0A336004CF9D9 /* MySpreadSheetCell.swift in Sources */,
				0E7F87CE29B055AE0005AE38 /* CourseCollectionViewCell.swift in Sources */,
				0EFFC6E229AF56D900D4731B /* CourseEditViewController.swift in Sources */,
				0E7F87C729B0531A0005AE38 /* StorageManager.swift in Sources */,
				0E7F87C829B0531A0005AE38 /* ServiceLocator.swift in Sources */,
				0EBC1E7629B0B2BF004CF9D9 /* CoursesViewController.swift in Sources */,
				0EBC1E6A29B0A2C9004CF9D9 /* CourseType.swift in Sources */,
				0EBC1E6629B0A065004CF9D9 /* CoursesViewController+UICollectionViewDelegate.swift in Sources */,
				0EFFC6DE29AF56D900D4731B /* AppDelegate.swift in Sources */,
				0EFFC6E029AF56D900D4731B /* SceneDelegate.swift in Sources */,
				0EBC1E6C29B0A2EE004CF9D9 /* CourseInfo.swift in Sources */,
				0EBC1E6229B09FA9004CF9D9 /* UIView+dropShadow.swift in Sources */,
			);
			runOnlyForDeploymentPostprocessing = 0;
		};
/* End PBXSourcesBuildPhase section */

/* Begin PBXVariantGroup section */
		0EFFC6E329AF56D900D4731B /* Main.storyboard */ = {
			isa = PBXVariantGroup;
			children = (
				0EFFC6E429AF56D900D4731B /* Base */,
			);
			name = Main.storyboard;
			sourceTree = "<group>";
		};
		0EFFC6E829AF56DB00D4731B /* LaunchScreen.storyboard */ = {
			isa = PBXVariantGroup;
			children = (
				0EFFC6E929AF56DB00D4731B /* Base */,
			);
			name = LaunchScreen.storyboard;
			sourceTree = "<group>";
		};
/* End PBXVariantGroup section */

/* Begin XCBuildConfiguration section */
		0EFFC6EC29AF56DB00D4731B /* Debug */ = {
			isa = XCBuildConfiguration;
			buildSettings = {
				ALWAYS_SEARCH_USER_PATHS = NO;
				CLANG_ANALYZER_NONNULL = YES;
				CLANG_ANALYZER_NUMBER_OBJECT_CONVERSION = YES_AGGRESSIVE;
				CLANG_CXX_LANGUAGE_STANDARD = "gnu++20";
				CLANG_ENABLE_MODULES = YES;
				CLANG_ENABLE_OBJC_ARC = YES;
				CLANG_ENABLE_OBJC_WEAK = YES;
				CLANG_WARN_BLOCK_CAPTURE_AUTORELEASING = YES;
				CLANG_WARN_BOOL_CONVERSION = YES;
				CLANG_WARN_COMMA = YES;
				CLANG_WARN_CONSTANT_CONVERSION = YES;
				CLANG_WARN_DEPRECATED_OBJC_IMPLEMENTATIONS = YES;
				CLANG_WARN_DIRECT_OBJC_ISA_USAGE = YES_ERROR;
				CLANG_WARN_DOCUMENTATION_COMMENTS = YES;
				CLANG_WARN_EMPTY_BODY = YES;
				CLANG_WARN_ENUM_CONVERSION = YES;
				CLANG_WARN_INFINITE_RECURSION = YES;
				CLANG_WARN_INT_CONVERSION = YES;
				CLANG_WARN_NON_LITERAL_NULL_CONVERSION = YES;
				CLANG_WARN_OBJC_IMPLICIT_RETAIN_SELF = YES;
				CLANG_WARN_OBJC_LITERAL_CONVERSION = YES;
				CLANG_WARN_OBJC_ROOT_CLASS = YES_ERROR;
				CLANG_WARN_QUOTED_INCLUDE_IN_FRAMEWORK_HEADER = YES;
				CLANG_WARN_RANGE_LOOP_ANALYSIS = YES;
				CLANG_WARN_STRICT_PROTOTYPES = YES;
				CLANG_WARN_SUSPICIOUS_MOVE = YES;
				CLANG_WARN_UNGUARDED_AVAILABILITY = YES_AGGRESSIVE;
				CLANG_WARN_UNREACHABLE_CODE = YES;
				CLANG_WARN__DUPLICATE_METHOD_MATCH = YES;
				COPY_PHASE_STRIP = NO;
				DEBUG_INFORMATION_FORMAT = dwarf;
				ENABLE_STRICT_OBJC_MSGSEND = YES;
				ENABLE_TESTABILITY = YES;
				GCC_C_LANGUAGE_STANDARD = gnu11;
				GCC_DYNAMIC_NO_PIC = NO;
				GCC_NO_COMMON_BLOCKS = YES;
				GCC_OPTIMIZATION_LEVEL = 0;
				GCC_PREPROCESSOR_DEFINITIONS = (
					"DEBUG=1",
					"$(inherited)",
				);
				GCC_WARN_64_TO_32_BIT_CONVERSION = YES;
				GCC_WARN_ABOUT_RETURN_TYPE = YES_ERROR;
				GCC_WARN_UNDECLARED_SELECTOR = YES;
				GCC_WARN_UNINITIALIZED_AUTOS = YES_AGGRESSIVE;
				GCC_WARN_UNUSED_FUNCTION = YES;
				GCC_WARN_UNUSED_VARIABLE = YES;
				IPHONEOS_DEPLOYMENT_TARGET = 16.2;
				MTL_ENABLE_DEBUG_INFO = INCLUDE_SOURCE;
				MTL_FAST_MATH = YES;
				ONLY_ACTIVE_ARCH = YES;
				SDKROOT = iphoneos;
				SWIFT_ACTIVE_COMPILATION_CONDITIONS = DEBUG;
				SWIFT_OPTIMIZATION_LEVEL = "-Onone";
			};
			name = Debug;
		};
		0EFFC6ED29AF56DB00D4731B /* Release */ = {
			isa = XCBuildConfiguration;
			buildSettings = {
				ALWAYS_SEARCH_USER_PATHS = NO;
				CLANG_ANALYZER_NONNULL = YES;
				CLANG_ANALYZER_NUMBER_OBJECT_CONVERSION = YES_AGGRESSIVE;
				CLANG_CXX_LANGUAGE_STANDARD = "gnu++20";
				CLANG_ENABLE_MODULES = YES;
				CLANG_ENABLE_OBJC_ARC = YES;
				CLANG_ENABLE_OBJC_WEAK = YES;
				CLANG_WARN_BLOCK_CAPTURE_AUTORELEASING = YES;
				CLANG_WARN_BOOL_CONVERSION = YES;
				CLANG_WARN_COMMA = YES;
				CLANG_WARN_CONSTANT_CONVERSION = YES;
				CLANG_WARN_DEPRECATED_OBJC_IMPLEMENTATIONS = YES;
				CLANG_WARN_DIRECT_OBJC_ISA_USAGE = YES_ERROR;
				CLANG_WARN_DOCUMENTATION_COMMENTS = YES;
				CLANG_WARN_EMPTY_BODY = YES;
				CLANG_WARN_ENUM_CONVERSION = YES;
				CLANG_WARN_INFINITE_RECURSION = YES;
				CLANG_WARN_INT_CONVERSION = YES;
				CLANG_WARN_NON_LITERAL_NULL_CONVERSION = YES;
				CLANG_WARN_OBJC_IMPLICIT_RETAIN_SELF = YES;
				CLANG_WARN_OBJC_LITERAL_CONVERSION = YES;
				CLANG_WARN_OBJC_ROOT_CLASS = YES_ERROR;
				CLANG_WARN_QUOTED_INCLUDE_IN_FRAMEWORK_HEADER = YES;
				CLANG_WARN_RANGE_LOOP_ANALYSIS = YES;
				CLANG_WARN_STRICT_PROTOTYPES = YES;
				CLANG_WARN_SUSPICIOUS_MOVE = YES;
				CLANG_WARN_UNGUARDED_AVAILABILITY = YES_AGGRESSIVE;
				CLANG_WARN_UNREACHABLE_CODE = YES;
				CLANG_WARN__DUPLICATE_METHOD_MATCH = YES;
				COPY_PHASE_STRIP = NO;
				DEBUG_INFORMATION_FORMAT = "dwarf-with-dsym";
				ENABLE_NS_ASSERTIONS = NO;
				ENABLE_STRICT_OBJC_MSGSEND = YES;
				GCC_C_LANGUAGE_STANDARD = gnu11;
				GCC_NO_COMMON_BLOCKS = YES;
				GCC_WARN_64_TO_32_BIT_CONVERSION = YES;
				GCC_WARN_ABOUT_RETURN_TYPE = YES_ERROR;
				GCC_WARN_UNDECLARED_SELECTOR = YES;
				GCC_WARN_UNINITIALIZED_AUTOS = YES_AGGRESSIVE;
				GCC_WARN_UNUSED_FUNCTION = YES;
				GCC_WARN_UNUSED_VARIABLE = YES;
				IPHONEOS_DEPLOYMENT_TARGET = 16.2;
				MTL_ENABLE_DEBUG_INFO = NO;
				MTL_FAST_MATH = YES;
				SDKROOT = iphoneos;
				SWIFT_COMPILATION_MODE = wholemodule;
				SWIFT_OPTIMIZATION_LEVEL = "-O";
				VALIDATE_PRODUCT = YES;
			};
			name = Release;
		};
		0EFFC6EF29AF56DB00D4731B /* Debug */ = {
			isa = XCBuildConfiguration;
			baseConfigurationReference = 47B0BFFCECC64B6D7641F76D /* Pods-GolfHandicap.debug.xcconfig */;
			buildSettings = {
				ASSETCATALOG_COMPILER_APPICON_NAME = AppIcon;
				ASSETCATALOG_COMPILER_GLOBAL_ACCENT_COLOR_NAME = AccentColor;
				CODE_SIGN_STYLE = Automatic;
				CURRENT_PROJECT_VERSION = 1;
				DEVELOPMENT_TEAM = NLAP4M3WXM;
				GENERATE_INFOPLIST_FILE = YES;
				INFOPLIST_FILE = GolfHandicap/Info.plist;
				INFOPLIST_KEY_UIApplicationSupportsIndirectInputEvents = YES;
				INFOPLIST_KEY_UILaunchStoryboardName = LaunchScreen;
				INFOPLIST_KEY_UIMainStoryboardFile = Main;
				INFOPLIST_KEY_UISupportedInterfaceOrientations_iPad = "UIInterfaceOrientationPortrait UIInterfaceOrientationPortraitUpsideDown UIInterfaceOrientationLandscapeLeft UIInterfaceOrientationLandscapeRight";
				INFOPLIST_KEY_UISupportedInterfaceOrientations_iPhone = "UIInterfaceOrientationPortrait UIInterfaceOrientationLandscapeLeft UIInterfaceOrientationLandscapeRight";
				LD_RUNPATH_SEARCH_PATHS = (
					"$(inherited)",
					"@executable_path/Frameworks",
				);
				MARKETING_VERSION = 1.0;
				PRODUCT_BUNDLE_IDENTIFIER = Student.GolfHandicap;
				PRODUCT_NAME = "$(TARGET_NAME)";
				SWIFT_EMIT_LOC_STRINGS = YES;
				SWIFT_VERSION = 5.0;
				TARGETED_DEVICE_FAMILY = "1,2";
			};
			name = Debug;
		};
		0EFFC6F029AF56DB00D4731B /* Release */ = {
			isa = XCBuildConfiguration;
			baseConfigurationReference = 1E4AD94267AF23CC5ABF6D8A /* Pods-GolfHandicap.release.xcconfig */;
			buildSettings = {
				ASSETCATALOG_COMPILER_APPICON_NAME = AppIcon;
				ASSETCATALOG_COMPILER_GLOBAL_ACCENT_COLOR_NAME = AccentColor;
				CODE_SIGN_STYLE = Automatic;
				CURRENT_PROJECT_VERSION = 1;
				DEVELOPMENT_TEAM = NLAP4M3WXM;
				GENERATE_INFOPLIST_FILE = YES;
				INFOPLIST_FILE = GolfHandicap/Info.plist;
				INFOPLIST_KEY_UIApplicationSupportsIndirectInputEvents = YES;
				INFOPLIST_KEY_UILaunchStoryboardName = LaunchScreen;
				INFOPLIST_KEY_UIMainStoryboardFile = Main;
				INFOPLIST_KEY_UISupportedInterfaceOrientations_iPad = "UIInterfaceOrientationPortrait UIInterfaceOrientationPortraitUpsideDown UIInterfaceOrientationLandscapeLeft UIInterfaceOrientationLandscapeRight";
				INFOPLIST_KEY_UISupportedInterfaceOrientations_iPhone = "UIInterfaceOrientationPortrait UIInterfaceOrientationLandscapeLeft UIInterfaceOrientationLandscapeRight";
				LD_RUNPATH_SEARCH_PATHS = (
					"$(inherited)",
					"@executable_path/Frameworks",
				);
				MARKETING_VERSION = 1.0;
				PRODUCT_BUNDLE_IDENTIFIER = Student.GolfHandicap;
				PRODUCT_NAME = "$(TARGET_NAME)";
				SWIFT_EMIT_LOC_STRINGS = YES;
				SWIFT_VERSION = 5.0;
				TARGETED_DEVICE_FAMILY = "1,2";
			};
			name = Release;
		};
/* End XCBuildConfiguration section */

/* Begin XCConfigurationList section */
		0EFFC6D529AF56D900D4731B /* Build configuration list for PBXProject "GolfHandicap" */ = {
			isa = XCConfigurationList;
			buildConfigurations = (
				0EFFC6EC29AF56DB00D4731B /* Debug */,
				0EFFC6ED29AF56DB00D4731B /* Release */,
			);
			defaultConfigurationIsVisible = 0;
			defaultConfigurationName = Release;
		};
		0EFFC6EE29AF56DB00D4731B /* Build configuration list for PBXNativeTarget "GolfHandicap" */ = {
			isa = XCConfigurationList;
			buildConfigurations = (
				0EFFC6EF29AF56DB00D4731B /* Debug */,
				0EFFC6F029AF56DB00D4731B /* Release */,
			);
			defaultConfigurationIsVisible = 0;
			defaultConfigurationName = Release;
		};
/* End XCConfigurationList section */
	};
	rootObject = 0EFFC6D229AF56D900D4731B /* Project object */;
}
